// !$*UTF8*$!
{
	archiveVersion = 1;
	classes = {
	};
	objectVersion = 56;
	objects = {

/* Begin PBXBuildFile section */
		084488AE29262EC900F65381 /* NewEmployeeViewController.swift in Sources */ = {isa = PBXBuildFile; fileRef = 084488AD29262EC900F65381 /* NewEmployeeViewController.swift */; };
		084488B1292631FA00F65381 /* VCManager.swift in Sources */ = {isa = PBXBuildFile; fileRef = 084488B0292631FA00F65381 /* VCManager.swift */; };
		084488B32926334700F65381 /* EmployeeListViewController.swift in Sources */ = {isa = PBXBuildFile; fileRef = 084488B22926334700F65381 /* EmployeeListViewController.swift */; };
		084C86752928FEFB00ADC12E /* EmployeeTitle.swift in Sources */ = {isa = PBXBuildFile; fileRef = 084C86742928FEFB00ADC12E /* EmployeeTitle.swift */; };
		084C86772928FF7700ADC12E /* CivilStatus.swift in Sources */ = {isa = PBXBuildFile; fileRef = 084C86762928FF7700ADC12E /* CivilStatus.swift */; };
		084C86E6292A5A5700ADC12E /* NewEmployeeControllerProtocol.swift in Sources */ = {isa = PBXBuildFile; fileRef = 084C86E5292A5A5700ADC12E /* NewEmployeeControllerProtocol.swift */; };
		087A7B512925A34D005FDB95 /* AlertManager.swift in Sources */ = {isa = PBXBuildFile; fileRef = 087A7B502925A34D005FDB95 /* AlertManager.swift */; };
		087A7B532925A47E005FDB95 /* AlertError.swift in Sources */ = {isa = PBXBuildFile; fileRef = 087A7B522925A47E005FDB95 /* AlertError.swift */; };
		087A7B572925A555005FDB95 /* UIApplication+Extension.swift in Sources */ = {isa = PBXBuildFile; fileRef = 087A7B562925A555005FDB95 /* UIApplication+Extension.swift */; };
		0884AF5C2927B97A0029E02B /* Employee.swift in Sources */ = {isa = PBXBuildFile; fileRef = 0884AF5B2927B97A0029E02B /* Employee.swift */; };
		08B6E711292582DB00C6435F /* AppDelegate.swift in Sources */ = {isa = PBXBuildFile; fileRef = 08B6E710292582DB00C6435F /* AppDelegate.swift */; };
		08B6E713292582DB00C6435F /* SceneDelegate.swift in Sources */ = {isa = PBXBuildFile; fileRef = 08B6E712292582DB00C6435F /* SceneDelegate.swift */; };
		08B6E715292582DB00C6435F /* ViewController.swift in Sources */ = {isa = PBXBuildFile; fileRef = 08B6E714292582DB00C6435F /* ViewController.swift */; };
		08B6E718292582DB00C6435F /* Main.storyboard in Resources */ = {isa = PBXBuildFile; fileRef = 08B6E716292582DB00C6435F /* Main.storyboard */; };
		08B6E71A292582DC00C6435F /* Assets.xcassets in Resources */ = {isa = PBXBuildFile; fileRef = 08B6E719292582DC00C6435F /* Assets.xcassets */; };
		08B6E71D292582DC00C6435F /* LaunchScreen.storyboard in Resources */ = {isa = PBXBuildFile; fileRef = 08B6E71B292582DC00C6435F /* LaunchScreen.storyboard */; };
/* End PBXBuildFile section */

/* Begin PBXFileReference section */
		084488AD29262EC900F65381 /* NewEmployeeViewController.swift */ = {isa = PBXFileReference; lastKnownFileType = sourcecode.swift; path = NewEmployeeViewController.swift; sourceTree = "<group>"; };
		084488B0292631FA00F65381 /* VCManager.swift */ = {isa = PBXFileReference; lastKnownFileType = sourcecode.swift; path = VCManager.swift; sourceTree = "<group>"; };
		084488B22926334700F65381 /* EmployeeListViewController.swift */ = {isa = PBXFileReference; lastKnownFileType = sourcecode.swift; path = EmployeeListViewController.swift; sourceTree = "<group>"; };
		084C86742928FEFB00ADC12E /* EmployeeTitle.swift */ = {isa = PBXFileReference; lastKnownFileType = sourcecode.swift; path = EmployeeTitle.swift; sourceTree = "<group>"; };
		084C86762928FF7700ADC12E /* CivilStatus.swift */ = {isa = PBXFileReference; lastKnownFileType = sourcecode.swift; path = CivilStatus.swift; sourceTree = "<group>"; };
		084C86E5292A5A5700ADC12E /* NewEmployeeControllerProtocol.swift */ = {isa = PBXFileReference; lastKnownFileType = sourcecode.swift; path = NewEmployeeControllerProtocol.swift; sourceTree = "<group>"; };
		087A7B502925A34D005FDB95 /* AlertManager.swift */ = {isa = PBXFileReference; lastKnownFileType = sourcecode.swift; path = AlertManager.swift; sourceTree = "<group>"; };
		087A7B522925A47E005FDB95 /* AlertError.swift */ = {isa = PBXFileReference; lastKnownFileType = sourcecode.swift; path = AlertError.swift; sourceTree = "<group>"; };
		087A7B562925A555005FDB95 /* UIApplication+Extension.swift */ = {isa = PBXFileReference; lastKnownFileType = sourcecode.swift; path = "UIApplication+Extension.swift"; sourceTree = "<group>"; };
		0884AF5B2927B97A0029E02B /* Employee.swift */ = {isa = PBXFileReference; lastKnownFileType = sourcecode.swift; path = Employee.swift; sourceTree = "<group>"; };
		08B6E70D292582DB00C6435F /* Company-Manage.app */ = {isa = PBXFileReference; explicitFileType = wrapper.application; includeInIndex = 0; path = "Company-Manage.app"; sourceTree = BUILT_PRODUCTS_DIR; };
		08B6E710292582DB00C6435F /* AppDelegate.swift */ = {isa = PBXFileReference; lastKnownFileType = sourcecode.swift; path = AppDelegate.swift; sourceTree = "<group>"; };
		08B6E712292582DB00C6435F /* SceneDelegate.swift */ = {isa = PBXFileReference; lastKnownFileType = sourcecode.swift; path = SceneDelegate.swift; sourceTree = "<group>"; };
		08B6E714292582DB00C6435F /* ViewController.swift */ = {isa = PBXFileReference; lastKnownFileType = sourcecode.swift; path = ViewController.swift; sourceTree = "<group>"; };
		08B6E717292582DB00C6435F /* Base */ = {isa = PBXFileReference; lastKnownFileType = file.storyboard; name = Base; path = Base.lproj/Main.storyboard; sourceTree = "<group>"; };
		08B6E719292582DC00C6435F /* Assets.xcassets */ = {isa = PBXFileReference; lastKnownFileType = folder.assetcatalog; path = Assets.xcassets; sourceTree = "<group>"; };
		08B6E71C292582DC00C6435F /* Base */ = {isa = PBXFileReference; lastKnownFileType = file.storyboard; name = Base; path = Base.lproj/LaunchScreen.storyboard; sourceTree = "<group>"; };
		08B6E71E292582DC00C6435F /* Info.plist */ = {isa = PBXFileReference; lastKnownFileType = text.plist.xml; path = Info.plist; sourceTree = "<group>"; };
/* End PBXFileReference section */

/* Begin PBXFrameworksBuildPhase section */
		08B6E70A292582DB00C6435F /* Frameworks */ = {
			isa = PBXFrameworksBuildPhase;
			buildActionMask = 2147483647;
			files = (
			);
			runOnlyForDeploymentPostprocessing = 0;
		};
/* End PBXFrameworksBuildPhase section */

/* Begin PBXGroup section */
		084488AC29262EAE00F65381 /* View */ = {
			isa = PBXGroup;
			children = (
				084C86E4292A5A3D00ADC12E /* Protocols */,
				08B6E714292582DB00C6435F /* ViewController.swift */,
				084488AD29262EC900F65381 /* NewEmployeeViewController.swift */,
				084488B22926334700F65381 /* EmployeeListViewController.swift */,
			);
			path = View;
			sourceTree = "<group>";
		};
		084488AF292631E500F65381 /* Enums */ = {
			isa = PBXGroup;
			children = (
				084C86742928FEFB00ADC12E /* EmployeeTitle.swift */,
				084488B0292631FA00F65381 /* VCManager.swift */,
				084C86762928FF7700ADC12E /* CivilStatus.swift */,
			);
			path = Enums;
			sourceTree = "<group>";
		};
		084C86E4292A5A3D00ADC12E /* Protocols */ = {
			isa = PBXGroup;
			children = (
				084C86E5292A5A5700ADC12E /* NewEmployeeControllerProtocol.swift */,
			);
			path = Protocols;
			sourceTree = "<group>";
		};
		087A7B4E2925A32D005FDB95 /* Managers */ = {
			isa = PBXGroup;
			children = (
				087A7B4F2925A33B005FDB95 /* Alert */,
			);
			path = Managers;
			sourceTree = "<group>";
		};
		087A7B4F2925A33B005FDB95 /* Alert */ = {
			isa = PBXGroup;
			children = (
				087A7B502925A34D005FDB95 /* AlertManager.swift */,
				087A7B522925A47E005FDB95 /* AlertError.swift */,
			);
			path = Alert;
			sourceTree = "<group>";
		};
		087A7B542925A538005FDB95 /* Utilities */ = {
			isa = PBXGroup;
			children = (
				084488AF292631E500F65381 /* Enums */,
				087A7B552925A53F005FDB95 /* Extensions */,
			);
			path = Utilities;
			sourceTree = "<group>";
		};
		087A7B552925A53F005FDB95 /* Extensions */ = {
			isa = PBXGroup;
			children = (
				087A7B562925A555005FDB95 /* UIApplication+Extension.swift */,
			);
			path = Extensions;
			sourceTree = "<group>";
		};
		0884AF5A2927B9660029E02B /* Model */ = {
			isa = PBXGroup;
			children = (
				0884AF5B2927B97A0029E02B /* Employee.swift */,
			);
			path = Model;
			sourceTree = "<group>";
		};
		08B6E704292582DB00C6435F = {
			isa = PBXGroup;
			children = (
				08B6E70F292582DB00C6435F /* Company-Manage */,
				08B6E70E292582DB00C6435F /* Products */,
			);
			sourceTree = "<group>";
		};
		08B6E70E292582DB00C6435F /* Products */ = {
			isa = PBXGroup;
			children = (
				08B6E70D292582DB00C6435F /* Company-Manage.app */,
			);
			name = Products;
			sourceTree = "<group>";
		};
		08B6E70F292582DB00C6435F /* Company-Manage */ = {
			isa = PBXGroup;
			children = (
				0884AF5A2927B9660029E02B /* Model */,
				084488AC29262EAE00F65381 /* View */,
				087A7B542925A538005FDB95 /* Utilities */,
				087A7B4E2925A32D005FDB95 /* Managers */,
				08B6E710292582DB00C6435F /* AppDelegate.swift */,
				08B6E712292582DB00C6435F /* SceneDelegate.swift */,
				08B6E716292582DB00C6435F /* Main.storyboard */,
				08B6E719292582DC00C6435F /* Assets.xcassets */,
				08B6E71B292582DC00C6435F /* LaunchScreen.storyboard */,
				08B6E71E292582DC00C6435F /* Info.plist */,
			);
			path = "Company-Manage";
			sourceTree = "<group>";
		};
/* End PBXGroup section */

/* Begin PBXNativeTarget section */
		08B6E70C292582DB00C6435F /* Company-Manage */ = {
			isa = PBXNativeTarget;
			buildConfigurationList = 08B6E721292582DC00C6435F /* Build configuration list for PBXNativeTarget "Company-Manage" */;
			buildPhases = (
				08B6E709292582DB00C6435F /* Sources */,
				08B6E70A292582DB00C6435F /* Frameworks */,
				08B6E70B292582DB00C6435F /* Resources */,
			);
			buildRules = (
			);
			dependencies = (
			);
			name = "Company-Manage";
			productName = "Company-Manage";
			productReference = 08B6E70D292582DB00C6435F /* Company-Manage.app */;
			productType = "com.apple.product-type.application";
		};
/* End PBXNativeTarget section */

/* Begin PBXProject section */
		08B6E705292582DB00C6435F /* Project object */ = {
			isa = PBXProject;
			attributes = {
				BuildIndependentTargetsInParallel = 1;
				LastSwiftUpdateCheck = 1410;
				LastUpgradeCheck = 1410;
				TargetAttributes = {
					08B6E70C292582DB00C6435F = {
						CreatedOnToolsVersion = 14.1;
					};
				};
			};
			buildConfigurationList = 08B6E708292582DB00C6435F /* Build configuration list for PBXProject "Company-Manage" */;
			compatibilityVersion = "Xcode 14.0";
			developmentRegion = en;
			hasScannedForEncodings = 0;
			knownRegions = (
				en,
				Base,
			);
			mainGroup = 08B6E704292582DB00C6435F;
			productRefGroup = 08B6E70E292582DB00C6435F /* Products */;
			projectDirPath = "";
			projectRoot = "";
			targets = (
				08B6E70C292582DB00C6435F /* Company-Manage */,
			);
		};
/* End PBXProject section */

/* Begin PBXResourcesBuildPhase section */
		08B6E70B292582DB00C6435F /* Resources */ = {
			isa = PBXResourcesBuildPhase;
			buildActionMask = 2147483647;
			files = (
				08B6E71D292582DC00C6435F /* LaunchScreen.storyboard in Resources */,
				08B6E71A292582DC00C6435F /* Assets.xcassets in Resources */,
				08B6E718292582DB00C6435F /* Main.storyboard in Resources */,
			);
			runOnlyForDeploymentPostprocessing = 0;
		};
/* End PBXResourcesBuildPhase section */

/* Begin PBXSourcesBuildPhase section */
		08B6E709292582DB00C6435F /* Sources */ = {
			isa = PBXSourcesBuildPhase;
			buildActionMask = 2147483647;
			files = (
				084488AE29262EC900F65381 /* NewEmployeeViewController.swift in Sources */,
				087A7B512925A34D005FDB95 /* AlertManager.swift in Sources */,
				084488B32926334700F65381 /* EmployeeListViewController.swift in Sources */,
				084C86772928FF7700ADC12E /* CivilStatus.swift in Sources */,
				0884AF5C2927B97A0029E02B /* Employee.swift in Sources */,
				08B6E715292582DB00C6435F /* ViewController.swift in Sources */,
				087A7B532925A47E005FDB95 /* AlertError.swift in Sources */,
				08B6E711292582DB00C6435F /* AppDelegate.swift in Sources */,
				087A7B572925A555005FDB95 /* UIApplication+Extension.swift in Sources */,
				084C86E6292A5A5700ADC12E /* NewEmployeeControllerProtocol.swift in Sources */,
				084488B1292631FA00F65381 /* VCManager.swift in Sources */,
				08B6E713292582DB00C6435F /* SceneDelegate.swift in Sources */,
				084C86752928FEFB00ADC12E /* EmployeeTitle.swift in Sources */,
			);
			runOnlyForDeploymentPostprocessing = 0;
		};
/* End PBXSourcesBuildPhase section */

/* Begin PBXVariantGroup section */
		08B6E716292582DB00C6435F /* Main.storyboard */ = {
			isa = PBXVariantGroup;
			children = (
				08B6E717292582DB00C6435F /* Base */,
			);
			name = Main.storyboard;
			sourceTree = "<group>";
		};
		08B6E71B292582DC00C6435F /* LaunchScreen.storyboard */ = {
			isa = PBXVariantGroup;
			children = (
				08B6E71C292582DC00C6435F /* Base */,
			);
			name = LaunchScreen.storyboard;
			sourceTree = "<group>";
		};
/* End PBXVariantGroup section */

/* Begin XCBuildConfiguration section */
		08B6E71F292582DC00C6435F /* Debug */ = {
			isa = XCBuildConfiguration;
			buildSettings = {
				ALWAYS_SEARCH_USER_PATHS = NO;
				CLANG_ANALYZER_NONNULL = YES;
				CLANG_ANALYZER_NUMBER_OBJECT_CONVERSION = YES_AGGRESSIVE;
				CLANG_CXX_LANGUAGE_STANDARD = "gnu++20";
				CLANG_ENABLE_MODULES = YES;
				CLANG_ENABLE_OBJC_ARC = YES;
				CLANG_ENABLE_OBJC_WEAK = YES;
				CLANG_WARN_BLOCK_CAPTURE_AUTORELEASING = YES;
				CLANG_WARN_BOOL_CONVERSION = YES;
				CLANG_WARN_COMMA = YES;
				CLANG_WARN_CONSTANT_CONVERSION = YES;
				CLANG_WARN_DEPRECATED_OBJC_IMPLEMENTATIONS = YES;
				CLANG_WARN_DIRECT_OBJC_ISA_USAGE = YES_ERROR;
				CLANG_WARN_DOCUMENTATION_COMMENTS = YES;
				CLANG_WARN_EMPTY_BODY = YES;
				CLANG_WARN_ENUM_CONVERSION = YES;
				CLANG_WARN_INFINITE_RECURSION = YES;
				CLANG_WARN_INT_CONVERSION = YES;
				CLANG_WARN_NON_LITERAL_NULL_CONVERSION = YES;
				CLANG_WARN_OBJC_IMPLICIT_RETAIN_SELF = YES;
				CLANG_WARN_OBJC_LITERAL_CONVERSION = YES;
				CLANG_WARN_OBJC_ROOT_CLASS = YES_ERROR;
				CLANG_WARN_QUOTED_INCLUDE_IN_FRAMEWORK_HEADER = YES;
				CLANG_WARN_RANGE_LOOP_ANALYSIS = YES;
				CLANG_WARN_STRICT_PROTOTYPES = YES;
				CLANG_WARN_SUSPICIOUS_MOVE = YES;
				CLANG_WARN_UNGUARDED_AVAILABILITY = YES_AGGRESSIVE;
				CLANG_WARN_UNREACHABLE_CODE = YES;
				CLANG_WARN__DUPLICATE_METHOD_MATCH = YES;
				COPY_PHASE_STRIP = NO;
				DEBUG_INFORMATION_FORMAT = dwarf;
				ENABLE_STRICT_OBJC_MSGSEND = YES;
				ENABLE_TESTABILITY = YES;
				GCC_C_LANGUAGE_STANDARD = gnu11;
				GCC_DYNAMIC_NO_PIC = NO;
				GCC_NO_COMMON_BLOCKS = YES;
				GCC_OPTIMIZATION_LEVEL = 0;
				GCC_PREPROCESSOR_DEFINITIONS = (
					"DEBUG=1",
					"$(inherited)",
				);
				GCC_WARN_64_TO_32_BIT_CONVERSION = YES;
				GCC_WARN_ABOUT_RETURN_TYPE = YES_ERROR;
				GCC_WARN_UNDECLARED_SELECTOR = YES;
				GCC_WARN_UNINITIALIZED_AUTOS = YES_AGGRESSIVE;
				GCC_WARN_UNUSED_FUNCTION = YES;
				GCC_WARN_UNUSED_VARIABLE = YES;
				IPHONEOS_DEPLOYMENT_TARGET = 16.1;
				MTL_ENABLE_DEBUG_INFO = INCLUDE_SOURCE;
				MTL_FAST_MATH = YES;
				ONLY_ACTIVE_ARCH = YES;
				SDKROOT = iphoneos;
				SWIFT_ACTIVE_COMPILATION_CONDITIONS = DEBUG;
				SWIFT_OPTIMIZATION_LEVEL = "-Onone";
			};
			name = Debug;
		};
		08B6E720292582DC00C6435F /* Release */ = {
			isa = XCBuildConfiguration;
			buildSettings = {
				ALWAYS_SEARCH_USER_PATHS = NO;
				CLANG_ANALYZER_NONNULL = YES;
				CLANG_ANALYZER_NUMBER_OBJECT_CONVERSION = YES_AGGRESSIVE;
				CLANG_CXX_LANGUAGE_STANDARD = "gnu++20";
				CLANG_ENABLE_MODULES = YES;
				CLANG_ENABLE_OBJC_ARC = YES;
				CLANG_ENABLE_OBJC_WEAK = YES;
				CLANG_WARN_BLOCK_CAPTURE_AUTORELEASING = YES;
				CLANG_WARN_BOOL_CONVERSION = YES;
				CLANG_WARN_COMMA = YES;
				CLANG_WARN_CONSTANT_CONVERSION = YES;
				CLANG_WARN_DEPRECATED_OBJC_IMPLEMENTATIONS = YES;
				CLANG_WARN_DIRECT_OBJC_ISA_USAGE = YES_ERROR;
				CLANG_WARN_DOCUMENTATION_COMMENTS = YES;
				CLANG_WARN_EMPTY_BODY = YES;
				CLANG_WARN_ENUM_CONVERSION = YES;
				CLANG_WARN_INFINITE_RECURSION = YES;
				CLANG_WARN_INT_CONVERSION = YES;
				CLANG_WARN_NON_LITERAL_NULL_CONVERSION = YES;
				CLANG_WARN_OBJC_IMPLICIT_RETAIN_SELF = YES;
				CLANG_WARN_OBJC_LITERAL_CONVERSION = YES;
				CLANG_WARN_OBJC_ROOT_CLASS = YES_ERROR;
				CLANG_WARN_QUOTED_INCLUDE_IN_FRAMEWORK_HEADER = YES;
				CLANG_WARN_RANGE_LOOP_ANALYSIS = YES;
				CLANG_WARN_STRICT_PROTOTYPES = YES;
				CLANG_WARN_SUSPICIOUS_MOVE = YES;
				CLANG_WARN_UNGUARDED_AVAILABILITY = YES_AGGRESSIVE;
				CLANG_WARN_UNREACHABLE_CODE = YES;
				CLANG_WARN__DUPLICATE_METHOD_MATCH = YES;
				COPY_PHASE_STRIP = NO;
				DEBUG_INFORMATION_FORMAT = "dwarf-with-dsym";
				ENABLE_NS_ASSERTIONS = NO;
				ENABLE_STRICT_OBJC_MSGSEND = YES;
				GCC_C_LANGUAGE_STANDARD = gnu11;
				GCC_NO_COMMON_BLOCKS = YES;
				GCC_WARN_64_TO_32_BIT_CONVERSION = YES;
				GCC_WARN_ABOUT_RETURN_TYPE = YES_ERROR;
				GCC_WARN_UNDECLARED_SELECTOR = YES;
				GCC_WARN_UNINITIALIZED_AUTOS = YES_AGGRESSIVE;
				GCC_WARN_UNUSED_FUNCTION = YES;
				GCC_WARN_UNUSED_VARIABLE = YES;
				IPHONEOS_DEPLOYMENT_TARGET = 16.1;
				MTL_ENABLE_DEBUG_INFO = NO;
				MTL_FAST_MATH = YES;
				SDKROOT = iphoneos;
				SWIFT_COMPILATION_MODE = wholemodule;
				SWIFT_OPTIMIZATION_LEVEL = "-O";
				VALIDATE_PRODUCT = YES;
			};
			name = Release;
		};
		08B6E722292582DC00C6435F /* Debug */ = {
			isa = XCBuildConfiguration;
			buildSettings = {
				ASSETCATALOG_COMPILER_APPICON_NAME = AppIcon;
				ASSETCATALOG_COMPILER_GLOBAL_ACCENT_COLOR_NAME = AccentColor;
				CODE_SIGN_STYLE = Automatic;
				CURRENT_PROJECT_VERSION = 1;
				DEVELOPMENT_TEAM = CFVDGKJNN6;
				GENERATE_INFOPLIST_FILE = YES;
				INFOPLIST_FILE = "Company-Manage/Info.plist";
				INFOPLIST_KEY_UIApplicationSupportsIndirectInputEvents = YES;
				INFOPLIST_KEY_UILaunchStoryboardName = LaunchScreen;
				INFOPLIST_KEY_UIMainStoryboardFile = Main;
				INFOPLIST_KEY_UISupportedInterfaceOrientations = UIInterfaceOrientationPortrait;
				INFOPLIST_KEY_UISupportedInterfaceOrientations_iPad = "UIInterfaceOrientationLandscapeLeft UIInterfaceOrientationLandscapeRight UIInterfaceOrientationPortrait UIInterfaceOrientationPortraitUpsideDown";
				LD_RUNPATH_SEARCH_PATHS = (
					"$(inherited)",
					"@executable_path/Frameworks",
				);
				MARKETING_VERSION = 1.0;
				PRODUCT_BUNDLE_IDENTIFIER = "com.mustafacicek.Company-Manage";
				PRODUCT_NAME = "$(TARGET_NAME)";
				SUPPORTED_PLATFORMS = "iphoneos iphonesimulator";
				SUPPORTS_MACCATALYST = NO;
				SUPPORTS_MAC_DESIGNED_FOR_IPHONE_IPAD = NO;
				SWIFT_EMIT_LOC_STRINGS = YES;
				SWIFT_VERSION = 5.0;
				TARGETED_DEVICE_FAMILY = 1;
			};
			name = Debug;
		};
		08B6E723292582DC00C6435F /* Release */ = {
			isa = XCBuildConfiguration;
			buildSettings = {
				ASSETCATALOG_COMPILER_APPICON_NAME = AppIcon;
				ASSETCATALOG_COMPILER_GLOBAL_ACCENT_COLOR_NAME = AccentColor;
				CODE_SIGN_STYLE = Automatic;
				CURRENT_PROJECT_VERSION = 1;
				DEVELOPMENT_TEAM = CFVDGKJNN6;
				GENERATE_INFOPLIST_FILE = YES;
				INFOPLIST_FILE = "Company-Manage/Info.plist";
				INFOPLIST_KEY_UIApplicationSupportsIndirectInputEvents = YES;
				INFOPLIST_KEY_UILaunchStoryboardName = LaunchScreen;
				INFOPLIST_KEY_UIMainStoryboardFile = Main;
				INFOPLIST_KEY_UISupportedInterfaceOrientations = UIInterfaceOrientationPortrait;
				INFOPLIST_KEY_UISupportedInterfaceOrientations_iPad = "UIInterfaceOrientationLandscapeLeft UIInterfaceOrientationLandscapeRight UIInterfaceOrientationPortrait UIInterfaceOrientationPortraitUpsideDown";
				LD_RUNPATH_SEARCH_PATHS = (
					"$(inherited)",
					"@executable_path/Frameworks",
				);
				MARKETING_VERSION = 1.0;
				PRODUCT_BUNDLE_IDENTIFIER = "com.mustafacicek.Company-Manage";
				PRODUCT_NAME = "$(TARGET_NAME)";
				SUPPORTED_PLATFORMS = "iphoneos iphonesimulator";
				SUPPORTS_MACCATALYST = NO;
				SUPPORTS_MAC_DESIGNED_FOR_IPHONE_IPAD = NO;
				SWIFT_EMIT_LOC_STRINGS = YES;
				SWIFT_VERSION = 5.0;
				TARGETED_DEVICE_FAMILY = 1;
			};
			name = Release;
		};
/* End XCBuildConfiguration section */

/* Begin XCConfigurationList section */
		08B6E708292582DB00C6435F /* Build configuration list for PBXProject "Company-Manage" */ = {
			isa = XCConfigurationList;
			buildConfigurations = (
				08B6E71F292582DC00C6435F /* Debug */,
				08B6E720292582DC00C6435F /* Release */,
			);
			defaultConfigurationIsVisible = 0;
			defaultConfigurationName = Release;
		};
		08B6E721292582DC00C6435F /* Build configuration list for PBXNativeTarget "Company-Manage" */ = {
			isa = XCConfigurationList;
			buildConfigurations = (
				08B6E722292582DC00C6435F /* Debug */,
				08B6E723292582DC00C6435F /* Release */,
			);
			defaultConfigurationIsVisible = 0;
			defaultConfigurationName = Release;
		};
/* End XCConfigurationList section */
	};
	rootObject = 08B6E705292582DB00C6435F /* Project object */;
}
