// !$*UTF8*$!
{
	archiveVersion = 1;
	classes = {
	};
	objectVersion = 56;
	objects = {

/* Begin PBXBuildFile section */
		084C86C8292A385500ADC12E /* AppDelegate.swift in Sources */ = {isa = PBXBuildFile; fileRef = 084C86C7292A385500ADC12E /* AppDelegate.swift */; };
		084C86CA292A385500ADC12E /* SceneDelegate.swift in Sources */ = {isa = PBXBuildFile; fileRef = 084C86C9292A385500ADC12E /* SceneDelegate.swift */; };
		084C86CC292A385500ADC12E /* ViewController.swift in Sources */ = {isa = PBXBuildFile; fileRef = 084C86CB292A385500ADC12E /* ViewController.swift */; };
		084C86CF292A385500ADC12E /* Main.storyboard in Resources */ = {isa = PBXBuildFile; fileRef = 084C86CD292A385500ADC12E /* Main.storyboard */; };
		084C86D1292A385600ADC12E /* Assets.xcassets in Resources */ = {isa = PBXBuildFile; fileRef = 084C86D0292A385600ADC12E /* Assets.xcassets */; };
		084C86D4292A385600ADC12E /* LaunchScreen.storyboard in Resources */ = {isa = PBXBuildFile; fileRef = 084C86D2292A385600ADC12E /* LaunchScreen.storyboard */; };
		084C86DD292A395B00ADC12E /* QuoteModel.swift in Sources */ = {isa = PBXBuildFile; fileRef = 084C86DC292A395B00ADC12E /* QuoteModel.swift */; };
		084C86DF292A3BC000ADC12E /* Client.swift in Sources */ = {isa = PBXBuildFile; fileRef = 084C86DE292A3BC000ADC12E /* Client.swift */; };
		084C86E2292A3E9A00ADC12E /* BaseResponse.swift in Sources */ = {isa = PBXBuildFile; fileRef = 084C86E1292A3E9A00ADC12E /* BaseResponse.swift */; };
/* End PBXBuildFile section */

/* Begin PBXFileReference section */
		084C86C4292A385500ADC12E /* Heroku-App.app */ = {isa = PBXFileReference; explicitFileType = wrapper.application; includeInIndex = 0; path = "Heroku-App.app"; sourceTree = BUILT_PRODUCTS_DIR; };
		084C86C7292A385500ADC12E /* AppDelegate.swift */ = {isa = PBXFileReference; lastKnownFileType = sourcecode.swift; path = AppDelegate.swift; sourceTree = "<group>"; };
		084C86C9292A385500ADC12E /* SceneDelegate.swift */ = {isa = PBXFileReference; lastKnownFileType = sourcecode.swift; path = SceneDelegate.swift; sourceTree = "<group>"; };
		084C86CB292A385500ADC12E /* ViewController.swift */ = {isa = PBXFileReference; lastKnownFileType = sourcecode.swift; path = ViewController.swift; sourceTree = "<group>"; };
		084C86CE292A385500ADC12E /* Base */ = {isa = PBXFileReference; lastKnownFileType = file.storyboard; name = Base; path = Base.lproj/Main.storyboard; sourceTree = "<group>"; };
		084C86D0292A385600ADC12E /* Assets.xcassets */ = {isa = PBXFileReference; lastKnownFileType = folder.assetcatalog; path = Assets.xcassets; sourceTree = "<group>"; };
		084C86D3292A385600ADC12E /* Base */ = {isa = PBXFileReference; lastKnownFileType = file.storyboard; name = Base; path = Base.lproj/LaunchScreen.storyboard; sourceTree = "<group>"; };
		084C86D5292A385600ADC12E /* Info.plist */ = {isa = PBXFileReference; lastKnownFileType = text.plist.xml; path = Info.plist; sourceTree = "<group>"; };
		084C86DC292A395B00ADC12E /* QuoteModel.swift */ = {isa = PBXFileReference; lastKnownFileType = sourcecode.swift; path = QuoteModel.swift; sourceTree = "<group>"; };
		084C86DE292A3BC000ADC12E /* Client.swift */ = {isa = PBXFileReference; lastKnownFileType = sourcecode.swift; path = Client.swift; sourceTree = "<group>"; };
		084C86E1292A3E9A00ADC12E /* BaseResponse.swift */ = {isa = PBXFileReference; lastKnownFileType = sourcecode.swift; path = BaseResponse.swift; sourceTree = "<group>"; };
/* End PBXFileReference section */

/* Begin PBXFrameworksBuildPhase section */
		084C86C1292A385500ADC12E /* Frameworks */ = {
			isa = PBXFrameworksBuildPhase;
			buildActionMask = 2147483647;
			files = (
			);
			runOnlyForDeploymentPostprocessing = 0;
		};
/* End PBXFrameworksBuildPhase section */

/* Begin PBXGroup section */
		084C86BB292A385500ADC12E = {
			isa = PBXGroup;
			children = (
				084C86C6292A385500ADC12E /* Heroku-App */,
				084C86C5292A385500ADC12E /* Products */,
			);
			sourceTree = "<group>";
		};
		084C86C5292A385500ADC12E /* Products */ = {
			isa = PBXGroup;
			children = (
				084C86C4292A385500ADC12E /* Heroku-App.app */,
			);
			name = Products;
			sourceTree = "<group>";
		};
		084C86C6292A385500ADC12E /* Heroku-App */ = {
			isa = PBXGroup;
			children = (
				084C86E3292A3F8800ADC12E /* App */,
				084C86E0292A3BC600ADC12E /* Service */,
				084C86DB292A38D300ADC12E /* Model */,
				084C86CB292A385500ADC12E /* ViewController.swift */,
				084C86CD292A385500ADC12E /* Main.storyboard */,
				084C86D0292A385600ADC12E /* Assets.xcassets */,
				084C86D2292A385600ADC12E /* LaunchScreen.storyboard */,
				084C86D5292A385600ADC12E /* Info.plist */,
			);
			path = "Heroku-App";
			sourceTree = "<group>";
		};
		084C86DB292A38D300ADC12E /* Model */ = {
			isa = PBXGroup;
			children = (
				084C86DC292A395B00ADC12E /* QuoteModel.swift */,
			);
			path = Model;
			sourceTree = "<group>";
		};
		084C86E0292A3BC600ADC12E /* Service */ = {
			isa = PBXGroup;
			children = (
				084C86DE292A3BC000ADC12E /* Client.swift */,
				084C86E1292A3E9A00ADC12E /* BaseResponse.swift */,
			);
			path = Service;
			sourceTree = "<group>";
		};
		084C86E3292A3F8800ADC12E /* App */ = {
			isa = PBXGroup;
			children = (
				084C86C9292A385500ADC12E /* SceneDelegate.swift */,
				084C86C7292A385500ADC12E /* AppDelegate.swift */,
			);
			path = App;
			sourceTree = "<group>";
		};
/* End PBXGroup section */

/* Begin PBXNativeTarget section */
		084C86C3292A385500ADC12E /* Heroku-App */ = {
			isa = PBXNativeTarget;
			buildConfigurationList = 084C86D8292A385600ADC12E /* Build configuration list for PBXNativeTarget "Heroku-App" */;
			buildPhases = (
				084C86C0292A385500ADC12E /* Sources */,
				084C86C1292A385500ADC12E /* Frameworks */,
				084C86C2292A385500ADC12E /* Resources */,
			);
			buildRules = (
			);
			dependencies = (
			);
			name = "Heroku-App";
			productName = "Heroku-App";
			productReference = 084C86C4292A385500ADC12E /* Heroku-App.app */;
			productType = "com.apple.product-type.application";
		};
/* End PBXNativeTarget section */

/* Begin PBXProject section */
		084C86BC292A385500ADC12E /* Project object */ = {
			isa = PBXProject;
			attributes = {
				BuildIndependentTargetsInParallel = 1;
				LastSwiftUpdateCheck = 1410;
				LastUpgradeCheck = 1410;
				TargetAttributes = {
					084C86C3292A385500ADC12E = {
						CreatedOnToolsVersion = 14.1;
					};
				};
			};
			buildConfigurationList = 084C86BF292A385500ADC12E /* Build configuration list for PBXProject "Heroku-App" */;
			compatibilityVersion = "Xcode 14.0";
			developmentRegion = en;
			hasScannedForEncodings = 0;
			knownRegions = (
				en,
				Base,
			);
			mainGroup = 084C86BB292A385500ADC12E;
			productRefGroup = 084C86C5292A385500ADC12E /* Products */;
			projectDirPath = "";
			projectRoot = "";
			targets = (
				084C86C3292A385500ADC12E /* Heroku-App */,
			);
		};
/* End PBXProject section */

/* Begin PBXResourcesBuildPhase section */
		084C86C2292A385500ADC12E /* Resources */ = {
			isa = PBXResourcesBuildPhase;
			buildActionMask = 2147483647;
			files = (
				084C86D4292A385600ADC12E /* LaunchScreen.storyboard in Resources */,
				084C86D1292A385600ADC12E /* Assets.xcassets in Resources */,
				084C86CF292A385500ADC12E /* Main.storyboard in Resources */,
			);
			runOnlyForDeploymentPostprocessing = 0;
		};
/* End PBXResourcesBuildPhase section */

/* Begin PBXSourcesBuildPhase section */
		084C86C0292A385500ADC12E /* Sources */ = {
			isa = PBXSourcesBuildPhase;
			buildActionMask = 2147483647;
			files = (
				084C86CC292A385500ADC12E /* ViewController.swift in Sources */,
				084C86C8292A385500ADC12E /* AppDelegate.swift in Sources */,
				084C86DD292A395B00ADC12E /* QuoteModel.swift in Sources */,
				084C86E2292A3E9A00ADC12E /* BaseResponse.swift in Sources */,
				084C86DF292A3BC000ADC12E /* Client.swift in Sources */,
				084C86CA292A385500ADC12E /* SceneDelegate.swift in Sources */,
			);
			runOnlyForDeploymentPostprocessing = 0;
		};
/* End PBXSourcesBuildPhase section */

/* Begin PBXVariantGroup section */
		084C86CD292A385500ADC12E /* Main.storyboard */ = {
			isa = PBXVariantGroup;
			children = (
				084C86CE292A385500ADC12E /* Base */,
			);
			name = Main.storyboard;
			sourceTree = "<group>";
		};
		084C86D2292A385600ADC12E /* LaunchScreen.storyboard */ = {
			isa = PBXVariantGroup;
			children = (
				084C86D3292A385600ADC12E /* Base */,
			);
			name = LaunchScreen.storyboard;
			sourceTree = "<group>";
		};
/* End PBXVariantGroup section */

/* Begin XCBuildConfiguration section */
		084C86D6292A385600ADC12E /* Debug */ = {
			isa = XCBuildConfiguration;
			buildSettings = {
				ALWAYS_SEARCH_USER_PATHS = NO;
				CLANG_ANALYZER_NONNULL = YES;
				CLANG_ANALYZER_NUMBER_OBJECT_CONVERSION = YES_AGGRESSIVE;
				CLANG_CXX_LANGUAGE_STANDARD = "gnu++20";
				CLANG_ENABLE_MODULES = YES;
				CLANG_ENABLE_OBJC_ARC = YES;
				CLANG_ENABLE_OBJC_WEAK = YES;
				CLANG_WARN_BLOCK_CAPTURE_AUTORELEASING = YES;
				CLANG_WARN_BOOL_CONVERSION = YES;
				CLANG_WARN_COMMA = YES;
				CLANG_WARN_CONSTANT_CONVERSION = YES;
				CLANG_WARN_DEPRECATED_OBJC_IMPLEMENTATIONS = YES;
				CLANG_WARN_DIRECT_OBJC_ISA_USAGE = YES_ERROR;
				CLANG_WARN_DOCUMENTATION_COMMENTS = YES;
				CLANG_WARN_EMPTY_BODY = YES;
				CLANG_WARN_ENUM_CONVERSION = YES;
				CLANG_WARN_INFINITE_RECURSION = YES;
				CLANG_WARN_INT_CONVERSION = YES;
				CLANG_WARN_NON_LITERAL_NULL_CONVERSION = YES;
				CLANG_WARN_OBJC_IMPLICIT_RETAIN_SELF = YES;
				CLANG_WARN_OBJC_LITERAL_CONVERSION = YES;
				CLANG_WARN_OBJC_ROOT_CLASS = YES_ERROR;
				CLANG_WARN_QUOTED_INCLUDE_IN_FRAMEWORK_HEADER = YES;
				CLANG_WARN_RANGE_LOOP_ANALYSIS = YES;
				CLANG_WARN_STRICT_PROTOTYPES = YES;
				CLANG_WARN_SUSPICIOUS_MOVE = YES;
				CLANG_WARN_UNGUARDED_AVAILABILITY = YES_AGGRESSIVE;
				CLANG_WARN_UNREACHABLE_CODE = YES;
				CLANG_WARN__DUPLICATE_METHOD_MATCH = YES;
				COPY_PHASE_STRIP = NO;
				DEBUG_INFORMATION_FORMAT = dwarf;
				ENABLE_STRICT_OBJC_MSGSEND = YES;
				ENABLE_TESTABILITY = YES;
				GCC_C_LANGUAGE_STANDARD = gnu11;
				GCC_DYNAMIC_NO_PIC = NO;
				GCC_NO_COMMON_BLOCKS = YES;
				GCC_OPTIMIZATION_LEVEL = 0;
				GCC_PREPROCESSOR_DEFINITIONS = (
					"DEBUG=1",
					"$(inherited)",
				);
				GCC_WARN_64_TO_32_BIT_CONVERSION = YES;
				GCC_WARN_ABOUT_RETURN_TYPE = YES_ERROR;
				GCC_WARN_UNDECLARED_SELECTOR = YES;
				GCC_WARN_UNINITIALIZED_AUTOS = YES_AGGRESSIVE;
				GCC_WARN_UNUSED_FUNCTION = YES;
				GCC_WARN_UNUSED_VARIABLE = YES;
				IPHONEOS_DEPLOYMENT_TARGET = 16.1;
				MTL_ENABLE_DEBUG_INFO = INCLUDE_SOURCE;
				MTL_FAST_MATH = YES;
				ONLY_ACTIVE_ARCH = YES;
				SDKROOT = iphoneos;
				SWIFT_ACTIVE_COMPILATION_CONDITIONS = DEBUG;
				SWIFT_OPTIMIZATION_LEVEL = "-Onone";
			};
			name = Debug;
		};
		084C86D7292A385600ADC12E /* Release */ = {
			isa = XCBuildConfiguration;
			buildSettings = {
				ALWAYS_SEARCH_USER_PATHS = NO;
				CLANG_ANALYZER_NONNULL = YES;
				CLANG_ANALYZER_NUMBER_OBJECT_CONVERSION = YES_AGGRESSIVE;
				CLANG_CXX_LANGUAGE_STANDARD = "gnu++20";
				CLANG_ENABLE_MODULES = YES;
				CLANG_ENABLE_OBJC_ARC = YES;
				CLANG_ENABLE_OBJC_WEAK = YES;
				CLANG_WARN_BLOCK_CAPTURE_AUTORELEASING = YES;
				CLANG_WARN_BOOL_CONVERSION = YES;
				CLANG_WARN_COMMA = YES;
				CLANG_WARN_CONSTANT_CONVERSION = YES;
				CLANG_WARN_DEPRECATED_OBJC_IMPLEMENTATIONS = YES;
				CLANG_WARN_DIRECT_OBJC_ISA_USAGE = YES_ERROR;
				CLANG_WARN_DOCUMENTATION_COMMENTS = YES;
				CLANG_WARN_EMPTY_BODY = YES;
				CLANG_WARN_ENUM_CONVERSION = YES;
				CLANG_WARN_INFINITE_RECURSION = YES;
				CLANG_WARN_INT_CONVERSION = YES;
				CLANG_WARN_NON_LITERAL_NULL_CONVERSION = YES;
				CLANG_WARN_OBJC_IMPLICIT_RETAIN_SELF = YES;
				CLANG_WARN_OBJC_LITERAL_CONVERSION = YES;
				CLANG_WARN_OBJC_ROOT_CLASS = YES_ERROR;
				CLANG_WARN_QUOTED_INCLUDE_IN_FRAMEWORK_HEADER = YES;
				CLANG_WARN_RANGE_LOOP_ANALYSIS = YES;
				CLANG_WARN_STRICT_PROTOTYPES = YES;
				CLANG_WARN_SUSPICIOUS_MOVE = YES;
				CLANG_WARN_UNGUARDED_AVAILABILITY = YES_AGGRESSIVE;
				CLANG_WARN_UNREACHABLE_CODE = YES;
				CLANG_WARN__DUPLICATE_METHOD_MATCH = YES;
				COPY_PHASE_STRIP = NO;
				DEBUG_INFORMATION_FORMAT = "dwarf-with-dsym";
				ENABLE_NS_ASSERTIONS = NO;
				ENABLE_STRICT_OBJC_MSGSEND = YES;
				GCC_C_LANGUAGE_STANDARD = gnu11;
				GCC_NO_COMMON_BLOCKS = YES;
				GCC_WARN_64_TO_32_BIT_CONVERSION = YES;
				GCC_WARN_ABOUT_RETURN_TYPE = YES_ERROR;
				GCC_WARN_UNDECLARED_SELECTOR = YES;
				GCC_WARN_UNINITIALIZED_AUTOS = YES_AGGRESSIVE;
				GCC_WARN_UNUSED_FUNCTION = YES;
				GCC_WARN_UNUSED_VARIABLE = YES;
				IPHONEOS_DEPLOYMENT_TARGET = 16.1;
				MTL_ENABLE_DEBUG_INFO = NO;
				MTL_FAST_MATH = YES;
				SDKROOT = iphoneos;
				SWIFT_COMPILATION_MODE = wholemodule;
				SWIFT_OPTIMIZATION_LEVEL = "-O";
				VALIDATE_PRODUCT = YES;
			};
			name = Release;
		};
		084C86D9292A385600ADC12E /* Debug */ = {
			isa = XCBuildConfiguration;
			buildSettings = {
				ASSETCATALOG_COMPILER_APPICON_NAME = AppIcon;
				ASSETCATALOG_COMPILER_GLOBAL_ACCENT_COLOR_NAME = AccentColor;
				CODE_SIGN_STYLE = Automatic;
				CURRENT_PROJECT_VERSION = 1;
				DEVELOPMENT_TEAM = CFVDGKJNN6;
				GENERATE_INFOPLIST_FILE = YES;
				INFOPLIST_FILE = "Heroku-App/Info.plist";
				INFOPLIST_KEY_UIApplicationSupportsIndirectInputEvents = YES;
				INFOPLIST_KEY_UILaunchStoryboardName = LaunchScreen;
				INFOPLIST_KEY_UIMainStoryboardFile = Main;
				INFOPLIST_KEY_UISupportedInterfaceOrientations_iPad = "UIInterfaceOrientationPortrait UIInterfaceOrientationPortraitUpsideDown UIInterfaceOrientationLandscapeLeft UIInterfaceOrientationLandscapeRight";
				INFOPLIST_KEY_UISupportedInterfaceOrientations_iPhone = "UIInterfaceOrientationPortrait UIInterfaceOrientationLandscapeLeft UIInterfaceOrientationLandscapeRight";
				LD_RUNPATH_SEARCH_PATHS = (
					"$(inherited)",
					"@executable_path/Frameworks",
				);
				MARKETING_VERSION = 1.0;
				PRODUCT_BUNDLE_IDENTIFIER = "com.mustafacicek.Heroku-App";
				PRODUCT_NAME = "$(TARGET_NAME)";
				SWIFT_EMIT_LOC_STRINGS = YES;
				SWIFT_VERSION = 5.0;
				TARGETED_DEVICE_FAMILY = "1,2";
			};
			name = Debug;
		};
		084C86DA292A385600ADC12E /* Release */ = {
			isa = XCBuildConfiguration;
			buildSettings = {
				ASSETCATALOG_COMPILER_APPICON_NAME = AppIcon;
				ASSETCATALOG_COMPILER_GLOBAL_ACCENT_COLOR_NAME = AccentColor;
				CODE_SIGN_STYLE = Automatic;
				CURRENT_PROJECT_VERSION = 1;
				DEVELOPMENT_TEAM = CFVDGKJNN6;
				GENERATE_INFOPLIST_FILE = YES;
				INFOPLIST_FILE = "Heroku-App/Info.plist";
				INFOPLIST_KEY_UIApplicationSupportsIndirectInputEvents = YES;
				INFOPLIST_KEY_UILaunchStoryboardName = LaunchScreen;
				INFOPLIST_KEY_UIMainStoryboardFile = Main;
				INFOPLIST_KEY_UISupportedInterfaceOrientations_iPad = "UIInterfaceOrientationPortrait UIInterfaceOrientationPortraitUpsideDown UIInterfaceOrientationLandscapeLeft UIInterfaceOrientationLandscapeRight";
				INFOPLIST_KEY_UISupportedInterfaceOrientations_iPhone = "UIInterfaceOrientationPortrait UIInterfaceOrientationLandscapeLeft UIInterfaceOrientationLandscapeRight";
				LD_RUNPATH_SEARCH_PATHS = (
					"$(inherited)",
					"@executable_path/Frameworks",
				);
				MARKETING_VERSION = 1.0;
				PRODUCT_BUNDLE_IDENTIFIER = "com.mustafacicek.Heroku-App";
				PRODUCT_NAME = "$(TARGET_NAME)";
				SWIFT_EMIT_LOC_STRINGS = YES;
				SWIFT_VERSION = 5.0;
				TARGETED_DEVICE_FAMILY = "1,2";
			};
			name = Release;
		};
/* End XCBuildConfiguration section */

/* Begin XCConfigurationList section */
		084C86BF292A385500ADC12E /* Build configuration list for PBXProject "Heroku-App" */ = {
			isa = XCConfigurationList;
			buildConfigurations = (
				084C86D6292A385600ADC12E /* Debug */,
				084C86D7292A385600ADC12E /* Release */,
			);
			defaultConfigurationIsVisible = 0;
			defaultConfigurationName = Release;
		};
		084C86D8292A385600ADC12E /* Build configuration list for PBXNativeTarget "Heroku-App" */ = {
			isa = XCConfigurationList;
			buildConfigurations = (
				084C86D9292A385600ADC12E /* Debug */,
				084C86DA292A385600ADC12E /* Release */,
			);
			defaultConfigurationIsVisible = 0;
			defaultConfigurationName = Release;
		};
/* End XCConfigurationList section */
	};
	rootObject = 084C86BC292A385500ADC12E /* Project object */;
}
